PODS:
  - Flutter (1.0.0)
  - path_provider (0.0.1):
    - Flutter
  - subsocial_sdk (0.0.1):
    - Flutter

DEPENDENCIES:
  - Flutter (from `Flutter`)
  - path_provider (from `.symlinks/plugins/path_provider/ios`)
  - subsocial_sdk (from `.symlinks/plugins/subsocial_sdk/ios`)

EXTERNAL SOURCES:
  Flutter:
    :path: Flutter
  path_provider:
    :path: ".symlinks/plugins/path_provider/ios"
  subsocial_sdk:
    :path: ".symlinks/plugins/subsocial_sdk/ios"

SPEC CHECKSUMS:
  Flutter: 50d75fe2f02b26cc09d224853bb45737f8b3214a
  path_provider: abfe2b5c733d04e238b0d8691db0cfd63a27a93c
  subsocial_sdk: 928448a3396b301ae7bb8491c5ba1409d4632f4e

PODFILE CHECKSUM: aafe91acc616949ddb318b77800a7f51bffa2a4c

COCOAPODS: 1.11.2
